
Microsoft Visual Studio Solution File, Format Version 12.00
# Visual Studio Version 17
VisualStudioVersion = 17.1.32210.238
MinimumVisualStudioVersion = 10.0.40219.1
Project("{FAE04EC0-301F-11D3-BF4B-00C04F79EFBC}") = "App5.Android", "App5\App5.Android\App5.Android.csproj", "{C26D6889-E71C-4905-BDBD-D78AF28A4CB9}"
EndProject
Project("{FAE04EC0-301F-11D3-BF4B-00C04F79EFBC}") = "App5.iOS", "App5\App5.iOS\App5.iOS.csproj", "{DD74CA91-7140-474B-8A64-0FE41386BB58}"
EndProject
Project("{FAE04EC0-301F-11D3-BF4B-00C04F79EFBC}") = "App5", "App5\App5\App5.csproj", "{76E563F1-117D-4477-B5E7-B0E18F8C970D}"
EndProject
Global
	GlobalSection(SolutionConfigurationPlatforms) = preSolution
		Debug|Any CPU = Debug|Any CPU
		Debug|iPhone = Debug|iPhone
		Debug|iPhoneSimulator = Debug|iPhoneSimulator
		Release|Any CPU = Release|Any CPU
		Release|iPhone = Release|iPhone
		Release|iPhoneSimulator = Release|iPhoneSimulator
	EndGlobalSection
	GlobalSection(ProjectConfigurationPlatforms) = postSolution
		{C26D6889-E71C-4905-BDBD-D78AF28A4CB9}.Debug|Any CPU.ActiveCfg = Debug|Any CPU
		{C26D6889-E71C-4905-BDBD-D78AF28A4CB9}.Debug|Any CPU.Build.0 = Debug|Any CPU
		{C26D6889-E71C-4905-BDBD-D78AF28A4CB9}.Debug|Any CPU.Deploy.0 = Debug|Any CPU
		{C26D6889-E71C-4905-BDBD-D78AF28A4CB9}.Debug|iPhone.ActiveCfg = Debug|Any CPU
		{C26D6889-E71C-4905-BDBD-D78AF28A4CB9}.Debug|iPhone.Build.0 = Debug|Any CPU
		{C26D6889-E71C-4905-BDBD-D78AF28A4CB9}.Debug|iPhone.Deploy.0 = Debug|Any CPU
		{C26D6889-E71C-4905-BDBD-D78AF28A4CB9}.Debug|iPhoneSimulator.ActiveCfg = Debug|Any CPU
		{C26D6889-E71C-4905-BDBD-D78AF28A4CB9}.Debug|iPhoneSimulator.Build.0 = Debug|Any CPU
		{C26D6889-E71C-4905-BDBD-D78AF28A4CB9}.Debug|iPhoneSimulator.Deploy.0 = Debug|Any CPU
		{C26D6889-E71C-4905-BDBD-D78AF28A4CB9}.Release|Any CPU.ActiveCfg = Release|Any CPU
		{C26D6889-E71C-4905-BDBD-D78AF28A4CB9}.Release|Any CPU.Build.0 = Release|Any CPU
		{C26D6889-E71C-4905-BDBD-D78AF28A4CB9}.Release|Any CPU.Deploy.0 = Release|Any CPU
		{C26D6889-E71C-4905-BDBD-D78AF28A4CB9}.Release|iPhone.ActiveCfg = Release|Any CPU
		{C26D6889-E71C-4905-BDBD-D78AF28A4CB9}.Release|iPhone.Build.0 = Release|Any CPU
		{C26D6889-E71C-4905-BDBD-D78AF28A4CB9}.Release|iPhone.Deploy.0 = Release|Any CPU
		{C26D6889-E71C-4905-BDBD-D78AF28A4CB9}.Release|iPhoneSimulator.ActiveCfg = Release|Any CPU
		{C26D6889-E71C-4905-BDBD-D78AF28A4CB9}.Release|iPhoneSimulator.Build.0 = Release|Any CPU
		{C26D6889-E71C-4905-BDBD-D78AF28A4CB9}.Release|iPhoneSimulator.Deploy.0 = Release|Any CPU
		{DD74CA91-7140-474B-8A64-0FE41386BB58}.Debug|Any CPU.ActiveCfg = Debug|iPhone
		{DD74CA91-7140-474B-8A64-0FE41386BB58}.Debug|Any CPU.Build.0 = Debug|iPhone
		{DD74CA91-7140-474B-8A64-0FE41386BB58}.Debug|Any CPU.Deploy.0 = Debug|iPhone
		{DD74CA91-7140-474B-8A64-0FE41386BB58}.Debug|iPhone.ActiveCfg = Debug|iPhone
		{DD74CA91-7140-474B-8A64-0FE41386BB58}.Debug|iPhone.Build.0 = Debug|iPhone
		{DD74CA91-7140-474B-8A64-0FE41386BB58}.Debug|iPhone.Deploy.0 = Debug|iPhone
		{DD74CA91-7140-474B-8A64-0FE41386BB58}.Debug|iPhoneSimulator.ActiveCfg = Debug|iPhoneSimulator
		{DD74CA91-7140-474B-8A64-0FE41386BB58}.Debug|iPhoneSimulator.Build.0 = Debug|iPhoneSimulator
		{DD74CA91-7140-474B-8A64-0FE41386BB58}.Debug|iPhoneSimulator.Deploy.0 = Debug|iPhoneSimulator
		{DD74CA91-7140-474B-8A64-0FE41386BB58}.Release|Any CPU.ActiveCfg = Release|iPhoneSimulator
		{DD74CA91-7140-474B-8A64-0FE41386BB58}.Release|Any CPU.Build.0 = Release|iPhoneSimulator
		{DD74CA91-7140-474B-8A64-0FE41386BB58}.Release|Any CPU.Deploy.0 = Release|iPhoneSimulator
		{DD74CA91-7140-474B-8A64-0FE41386BB58}.Release|iPhone.ActiveCfg = Release|iPhone
		{DD74CA91-7140-474B-8A64-0FE41386BB58}.Release|iPhone.Build.0 = Release|iPhone
		{DD74CA91-7140-474B-8A64-0FE41386BB58}.Release|iPhone.Deploy.0 = Release|iPhone
		{DD74CA91-7140-474B-8A64-0FE41386BB58}.Release|iPhoneSimulator.ActiveCfg = Release|iPhoneSimulator
		{DD74CA91-7140-474B-8A64-0FE41386BB58}.Release|iPhoneSimulator.Build.0 = Release|iPhoneSimulator
		{DD74CA91-7140-474B-8A64-0FE41386BB58}.Release|iPhoneSimulator.Deploy.0 = Release|iPhoneSimulator
		{76E563F1-117D-4477-B5E7-B0E18F8C970D}.Debug|Any CPU.ActiveCfg = Debug|Any CPU
		{76E563F1-117D-4477-B5E7-B0E18F8C970D}.Debug|Any CPU.Build.0 = Debug|Any CPU
		{76E563F1-117D-4477-B5E7-B0E18F8C970D}.Debug|Any CPU.Deploy.0 = Debug|Any CPU
		{76E563F1-117D-4477-B5E7-B0E18F8C970D}.Debug|iPhone.ActiveCfg = Debug|Any CPU
		{76E563F1-117D-4477-B5E7-B0E18F8C970D}.Debug|iPhone.Build.0 = Debug|Any CPU
		{76E563F1-117D-4477-B5E7-B0E18F8C970D}.Debug|iPhone.Deploy.0 = Debug|Any CPU
		{76E563F1-117D-4477-B5E7-B0E18F8C970D}.Debug|iPhoneSimulator.ActiveCfg = Debug|Any CPU
		{76E563F1-117D-4477-B5E7-B0E18F8C970D}.Debug|iPhoneSimulator.Build.0 = Debug|Any CPU
		{76E563F1-117D-4477-B5E7-B0E18F8C970D}.Debug|iPhoneSimulator.Deploy.0 = Debug|Any CPU
		{76E563F1-117D-4477-B5E7-B0E18F8C970D}.Release|Any CPU.ActiveCfg = Release|Any CPU
		{76E563F1-117D-4477-B5E7-B0E18F8C970D}.Release|Any CPU.Build.0 = Release|Any CPU
		{76E563F1-117D-4477-B5E7-B0E18F8C970D}.Release|Any CPU.Deploy.0 = Release|Any CPU
		{76E563F1-117D-4477-B5E7-B0E18F8C970D}.Release|iPhone.ActiveCfg = Release|Any CPU
		{76E563F1-117D-4477-B5E7-B0E18F8C970D}.Release|iPhone.Build.0 = Release|Any CPU
		{76E563F1-117D-4477-B5E7-B0E18F8C970D}.Release|iPhone.Deploy.0 = Release|Any CPU
		{76E563F1-117D-4477-B5E7-B0E18F8C970D}.Release|iPhoneSimulator.ActiveCfg = Release|Any CPU
		{76E563F1-117D-4477-B5E7-B0E18F8C970D}.Release|iPhoneSimulator.Build.0 = Release|Any CPU
		{76E563F1-117D-4477-B5E7-B0E18F8C970D}.Release|iPhoneSimulator.Deploy.0 = Release|Any CPU
	EndGlobalSection
	GlobalSection(SolutionProperties) = preSolution
		HideSolutionNode = FALSE
	EndGlobalSection
	GlobalSection(ExtensibilityGlobals) = postSolution
		SolutionGuid = {6465865E-DD76-4D0C-A1C9-A8051014E6E0}
	EndGlobalSection
EndGlobal
